// !$*UTF8*$!
{
	archiveVersion = 1;
	classes = {
	};
	objectVersion = 46;
	objects = {

/* Begin PBXBuildFile section */
		22979B2310C9E24CCB88A92C /* libPods.a in Frameworks */ = {isa = PBXBuildFile; fileRef = 231A23BA4A6E7B2792A79F5D /* libPods.a */; };
		5A81CFE41B439A1800E82DFB /* main.m in Sources */ = {isa = PBXBuildFile; fileRef = 5A81CFE31B439A1800E82DFB /* main.m */; };
		5A81CFE71B439A1800E82DFB /* AppDelegate.m in Sources */ = {isa = PBXBuildFile; fileRef = 5A81CFE61B439A1800E82DFB /* AppDelegate.m */; };
		5A81CFEA1B439A1800E82DFB /* ViewController.m in Sources */ = {isa = PBXBuildFile; fileRef = 5A81CFE91B439A1800E82DFB /* ViewController.m */; };
		5A81CFED1B439A1800E82DFB /* Main.storyboard in Resources */ = {isa = PBXBuildFile; fileRef = 5A81CFEB1B439A1800E82DFB /* Main.storyboard */; };
		5A81CFEF1B439A1800E82DFB /* Images.xcassets in Resources */ = {isa = PBXBuildFile; fileRef = 5A81CFEE1B439A1800E82DFB /* Images.xcassets */; };
		5A81CFF21B439A1800E82DFB /* LaunchScreen.xib in Resources */ = {isa = PBXBuildFile; fileRef = 5A81CFF01B439A1800E82DFB /* LaunchScreen.xib */; };
		5A81D0111B439F8A00E82DFB /* circle@2x.png in Resources */ = {isa = PBXBuildFile; fileRef = 5A81D00F1B439F8A00E82DFB /* circle@2x.png */; };
		5A81D0121B439F8A00E82DFB /* circle@3x.png in Resources */ = {isa = PBXBuildFile; fileRef = 5A81D0101B439F8A00E82DFB /* circle@3x.png */; };
		5A81D0221B43C68A00E82DFB /* RRActivityIndicator.m in Sources */ = {isa = PBXBuildFile; fileRef = 5A81D0211B43C68A00E82DFB /* RRActivityIndicator.m */; };
/* End PBXBuildFile section */

/* Begin PBXFileReference section */
		231A23BA4A6E7B2792A79F5D /* libPods.a */ = {isa = PBXFileReference; explicitFileType = archive.ar; includeInIndex = 0; path = libPods.a; sourceTree = BUILT_PRODUCTS_DIR; };
		5608B83965B1667B85317A81 /* Pods.debug.xcconfig */ = {isa = PBXFileReference; includeInIndex = 1; lastKnownFileType = text.xcconfig; name = Pods.debug.xcconfig; path = "Pods/Target Support Files/Pods/Pods.debug.xcconfig"; sourceTree = "<group>"; };
		5A81CFDE1B439A1800E82DFB /* RRActivityIndicator-example.app */ = {isa = PBXFileReference; explicitFileType = wrapper.application; includeInIndex = 0; path = "RRActivityIndicator-example.app"; sourceTree = BUILT_PRODUCTS_DIR; };
		5A81CFE21B439A1800E82DFB /* Info.plist */ = {isa = PBXFileReference; lastKnownFileType = text.plist.xml; path = Info.plist; sourceTree = "<group>"; };
		5A81CFE31B439A1800E82DFB /* main.m */ = {isa = PBXFileReference; lastKnownFileType = sourcecode.c.objc; path = main.m; sourceTree = "<group>"; };
		5A81CFE51B439A1800E82DFB /* AppDelegate.h */ = {isa = PBXFileReference; lastKnownFileType = sourcecode.c.h; path = AppDelegate.h; sourceTree = "<group>"; };
		5A81CFE61B439A1800E82DFB /* AppDelegate.m */ = {isa = PBXFileReference; lastKnownFileType = sourcecode.c.objc; path = AppDelegate.m; sourceTree = "<group>"; };
		5A81CFE81B439A1800E82DFB /* ViewController.h */ = {isa = PBXFileReference; lastKnownFileType = sourcecode.c.h; path = ViewController.h; sourceTree = "<group>"; };
		5A81CFE91B439A1800E82DFB /* ViewController.m */ = {isa = PBXFileReference; lastKnownFileType = sourcecode.c.objc; path = ViewController.m; sourceTree = "<group>"; };
		5A81CFEC1B439A1800E82DFB /* Base */ = {isa = PBXFileReference; lastKnownFileType = file.storyboard; name = Base; path = Base.lproj/Main.storyboard; sourceTree = "<group>"; };
		5A81CFEE1B439A1800E82DFB /* Images.xcassets */ = {isa = PBXFileReference; lastKnownFileType = folder.assetcatalog; path = Images.xcassets; sourceTree = "<group>"; };
		5A81CFF11B439A1800E82DFB /* Base */ = {isa = PBXFileReference; lastKnownFileType = file.xib; name = Base; path = Base.lproj/LaunchScreen.xib; sourceTree = "<group>"; };
		5A81CFFC1B439A1800E82DFB /* Info.plist */ = {isa = PBXFileReference; lastKnownFileType = text.plist.xml; path = Info.plist; sourceTree = "<group>"; };
		5A81CFFD1B439A1800E82DFB /* TestIndicatorTests.m */ = {isa = PBXFileReference; lastKnownFileType = sourcecode.c.objc; path = TestIndicatorTests.m; sourceTree = "<group>"; };
		5A81D00F1B439F8A00E82DFB /* circle@2x.png */ = {isa = PBXFileReference; lastKnownFileType = image.png; path = "circle@2x.png"; sourceTree = "<group>"; };
		5A81D0101B439F8A00E82DFB /* circle@3x.png */ = {isa = PBXFileReference; lastKnownFileType = image.png; path = "circle@3x.png"; sourceTree = "<group>"; };
		5A81D0201B43C68A00E82DFB /* RRActivityIndicator.h */ = {isa = PBXFileReference; fileEncoding = 4; lastKnownFileType = sourcecode.c.h; path = RRActivityIndicator.h; sourceTree = "<group>"; };
		5A81D0211B43C68A00E82DFB /* RRActivityIndicator.m */ = {isa = PBXFileReference; fileEncoding = 4; lastKnownFileType = sourcecode.c.objc; path = RRActivityIndicator.m; sourceTree = "<group>"; };
		74CDFE53AFA37478009D4E8C /* Pods.release.xcconfig */ = {isa = PBXFileReference; includeInIndex = 1; lastKnownFileType = text.xcconfig; name = Pods.release.xcconfig; path = "Pods/Target Support Files/Pods/Pods.release.xcconfig"; sourceTree = "<group>"; };
/* End PBXFileReference section */

/* Begin PBXFrameworksBuildPhase section */
		5A81CFDB1B439A1800E82DFB /* Frameworks */ = {
			isa = PBXFrameworksBuildPhase;
			buildActionMask = 2147483647;
			files = (
				22979B2310C9E24CCB88A92C /* libPods.a in Frameworks */,
			);
			runOnlyForDeploymentPostprocessing = 0;
		};
/* End PBXFrameworksBuildPhase section */

/* Begin PBXGroup section */
		5A81CFD51B439A1800E82DFB = {
			isa = PBXGroup;
			children = (
				5A81CFE01B439A1800E82DFB /* TestIndicator */,
				5A81CFFA1B439A1800E82DFB /* TestIndicatorTests */,
				5A81CFDF1B439A1800E82DFB /* Products */,
				650880338720D93C61F29A3A /* Pods */,
				E461EDBCEB3E27A8BEF311D5 /* Frameworks */,
			);
			sourceTree = "<group>";
		};
		5A81CFDF1B439A1800E82DFB /* Products */ = {
			isa = PBXGroup;
			children = (
				5A81CFDE1B439A1800E82DFB /* RRActivityIndicator-example.app */,
			);
			name = Products;
			sourceTree = "<group>";
		};
		5A81CFE01B439A1800E82DFB /* TestIndicator */ = {
			isa = PBXGroup;
			children = (
				5A81D01F1B43C68A00E82DFB /* RRActivityIndicator */,
				5A81CFE51B439A1800E82DFB /* AppDelegate.h */,
				5A81CFE61B439A1800E82DFB /* AppDelegate.m */,
				5A81CFE81B439A1800E82DFB /* ViewController.h */,
				5A81CFE91B439A1800E82DFB /* ViewController.m */,
				5A81CFEB1B439A1800E82DFB /* Main.storyboard */,
				5A81CFEE1B439A1800E82DFB /* Images.xcassets */,
				5A81CFF01B439A1800E82DFB /* LaunchScreen.xib */,
				5A81D00F1B439F8A00E82DFB /* circle@2x.png */,
				5A81D0101B439F8A00E82DFB /* circle@3x.png */,
				5A81CFE11B439A1800E82DFB /* Supporting Files */,
			);
			path = TestIndicator;
			sourceTree = "<group>";
		};
		5A81CFE11B439A1800E82DFB /* Supporting Files */ = {
			isa = PBXGroup;
			children = (
				5A81CFE21B439A1800E82DFB /* Info.plist */,
				5A81CFE31B439A1800E82DFB /* main.m */,
			);
			name = "Supporting Files";
			sourceTree = "<group>";
		};
		5A81CFFA1B439A1800E82DFB /* TestIndicatorTests */ = {
			isa = PBXGroup;
			children = (
				5A81CFFD1B439A1800E82DFB /* TestIndicatorTests.m */,
				5A81CFFB1B439A1800E82DFB /* Supporting Files */,
			);
			path = TestIndicatorTests;
			sourceTree = "<group>";
		};
		5A81CFFB1B439A1800E82DFB /* Supporting Files */ = {
			isa = PBXGroup;
			children = (
				5A81CFFC1B439A1800E82DFB /* Info.plist */,
			);
			name = "Supporting Files";
			sourceTree = "<group>";
		};
		5A81D01F1B43C68A00E82DFB /* RRActivityIndicator */ = {
			isa = PBXGroup;
			children = (
				5A81D0201B43C68A00E82DFB /* RRActivityIndicator.h */,
				5A81D0211B43C68A00E82DFB /* RRActivityIndicator.m */,
			);
			name = RRActivityIndicator;
			path = ../../RRActivityIndicator;
			sourceTree = "<group>";
		};
		650880338720D93C61F29A3A /* Pods */ = {
			isa = PBXGroup;
			children = (
				5608B83965B1667B85317A81 /* Pods.debug.xcconfig */,
				74CDFE53AFA37478009D4E8C /* Pods.release.xcconfig */,
			);
			name = Pods;
			sourceTree = "<group>";
		};
		E461EDBCEB3E27A8BEF311D5 /* Frameworks */ = {
			isa = PBXGroup;
			children = (
				231A23BA4A6E7B2792A79F5D /* libPods.a */,
			);
			name = Frameworks;
			sourceTree = "<group>";
		};
/* End PBXGroup section */

/* Begin PBXNativeTarget section */
		5A81CFDD1B439A1800E82DFB /* RRActivityIndicator-example */ = {
			isa = PBXNativeTarget;
			buildConfigurationList = 5A81D0011B439A1800E82DFB /* Build configuration list for PBXNativeTarget "RRActivityIndicator-example" */;
			buildPhases = (
				0E5BF89091411E4000340333 /* Check Pods Manifest.lock */,
				5A81CFDA1B439A1800E82DFB /* Sources */,
				5A81CFDB1B439A1800E82DFB /* Frameworks */,
				5A81CFDC1B439A1800E82DFB /* Resources */,
				7D96A69853E361E2793D00C1 /* Copy Pods Resources */,
			);
			buildRules = (
			);
			dependencies = (
			);
			name = "RRActivityIndicator-example";
			productName = TestIndicator;
			productReference = 5A81CFDE1B439A1800E82DFB /* RRActivityIndicator-example.app */;
			productType = "com.apple.product-type.application";
		};
/* End PBXNativeTarget section */

/* Begin PBXProject section */
		5A81CFD61B439A1800E82DFB /* Project object */ = {
			isa = PBXProject;
			attributes = {
				LastUpgradeCheck = 0630;
				ORGANIZATIONNAME = stephenliu;
				TargetAttributes = {
					5A81CFDD1B439A1800E82DFB = {
						CreatedOnToolsVersion = 6.3.2;
					};
				};
			};
			buildConfigurationList = 5A81CFD91B439A1800E82DFB /* Build configuration list for PBXProject "RRActivityIndicator-example" */;
			compatibilityVersion = "Xcode 3.2";
			developmentRegion = English;
			hasScannedForEncodings = 0;
			knownRegions = (
				en,
				Base,
			);
			mainGroup = 5A81CFD51B439A1800E82DFB;
			productRefGroup = 5A81CFDF1B439A1800E82DFB /* Products */;
			projectDirPath = "";
			projectRoot = "";
			targets = (
				5A81CFDD1B439A1800E82DFB /* RRActivityIndicator-example */,
			);
		};
/* End PBXProject section */

/* Begin PBXResourcesBuildPhase section */
		5A81CFDC1B439A1800E82DFB /* Resources */ = {
			isa = PBXResourcesBuildPhase;
			buildActionMask = 2147483647;
			files = (
				5A81CFED1B439A1800E82DFB /* Main.storyboard in Resources */,
				5A81D0111B439F8A00E82DFB /* circle@2x.png in Resources */,
				5A81CFF21B439A1800E82DFB /* LaunchScreen.xib in Resources */,
				5A81D0121B439F8A00E82DFB /* circle@3x.png in Resources */,
				5A81CFEF1B439A1800E82DFB /* Images.xcassets in Resources */,
			);
			runOnlyForDeploymentPostprocessing = 0;
		};
/* End PBXResourcesBuildPhase section */

/* Begin PBXShellScriptBuildPhase section */
		0E5BF89091411E4000340333 /* Check Pods Manifest.lock */ = {
			isa = PBXShellScriptBuildPhase;
			buildActionMask = 2147483647;
			files = (
			);
			inputPaths = (
			);
			name = "Check Pods Manifest.lock";
			outputPaths = (
			);
			runOnlyForDeploymentPostprocessing = 0;
			shellPath = /bin/sh;
			shellScript = "diff \"${PODS_ROOT}/../Podfile.lock\" \"${PODS_ROOT}/Manifest.lock\" > /dev/null\nif [[ $? != 0 ]] ; then\n    cat << EOM\nerror: The sandbox is not in sync with the Podfile.lock. Run 'pod install' or update your CocoaPods installation.\nEOM\n    exit 1\nfi\n";
			showEnvVarsInLog = 0;
		};
		7D96A69853E361E2793D00C1 /* Copy Pods Resources */ = {
			isa = PBXShellScriptBuildPhase;
			buildActionMask = 2147483647;
			files = (
			);
			inputPaths = (
			);
			name = "Copy Pods Resources";
			outputPaths = (
			);
			runOnlyForDeploymentPostprocessing = 0;
			shellPath = /bin/sh;
			shellScript = "\"${SRCROOT}/Pods/Target Support Files/Pods/Pods-resources.sh\"\n";
			showEnvVarsInLog = 0;
		};
/* End PBXShellScriptBuildPhase section */

/* Begin PBXSourcesBuildPhase section */
		5A81CFDA1B439A1800E82DFB /* Sources */ = {
			isa = PBXSourcesBuildPhase;
			buildActionMask = 2147483647;
			files = (
				5A81CFEA1B439A1800E82DFB /* ViewController.m in Sources */,
				5A81D0221B43C68A00E82DFB /* RRActivityIndicator.m in Sources */,
				5A81CFE71B439A1800E82DFB /* AppDelegate.m in Sources */,
				5A81CFE41B439A1800E82DFB /* main.m in Sources */,
			);
			runOnlyForDeploymentPostprocessing = 0;
		};
/* End PBXSourcesBuildPhase section */

/* Begin PBXVariantGroup section */
		5A81CFEB1B439A1800E82DFB /* Main.storyboard */ = {
			isa = PBXVariantGroup;
			children = (
				5A81CFEC1B439A1800E82DFB /* Base */,
			);
			name = Main.storyboard;
			sourceTree = "<group>";
		};
		5A81CFF01B439A1800E82DFB /* LaunchScreen.xib */ = {
			isa = PBXVariantGroup;
			children = (
				5A81CFF11B439A1800E82DFB /* Base */,
			);
			name = LaunchScreen.xib;
			sourceTree = "<group>";
		};
/* End PBXVariantGroup section */

/* Begin XCBuildConfiguration section */
		5A81CFFF1B439A1800E82DFB /* Debug */ = {
			isa = XCBuildConfiguration;
			buildSettings = {
				ALWAYS_SEARCH_USER_PATHS = NO;
				CLANG_CXX_LANGUAGE_STANDARD = "gnu++0x";
				CLANG_CXX_LIBRARY = "libc++";
				CLANG_ENABLE_MODULES = YES;
				CLANG_ENABLE_OBJC_ARC = YES;
				CLANG_WARN_BOOL_CONVERSION = YES;
				CLANG_WARN_CONSTANT_CONVERSION = YES;
				CLANG_WARN_DIRECT_OBJC_ISA_USAGE = YES_ERROR;
				CLANG_WARN_EMPTY_BODY = YES;
				CLANG_WARN_ENUM_CONVERSION = YES;
				CLANG_WARN_INT_CONVERSION = YES;
				CLANG_WARN_OBJC_ROOT_CLASS = YES_ERROR;
				CLANG_WARN_UNREACHABLE_CODE = YES;
				CLANG_WARN__DUPLICATE_METHOD_MATCH = YES;
				"CODE_SIGN_IDENTITY[sdk=iphoneos*]" = "iPhone Developer";
				COPY_PHASE_STRIP = NO;
				DEBUG_INFORMATION_FORMAT = "dwarf-with-dsym";
				ENABLE_STRICT_OBJC_MSGSEND = YES;
				GCC_C_LANGUAGE_STANDARD = gnu99;
				GCC_DYNAMIC_NO_PIC = NO;
				GCC_NO_COMMON_BLOCKS = YES;
				GCC_OPTIMIZATION_LEVEL = 0;
				GCC_PREPROCESSOR_DEFINITIONS = (
					"DEBUG=1",
					"$(inherited)",
				);
				GCC_SYMBOLS_PRIVATE_EXTERN = NO;
				GCC_WARN_64_TO_32_BIT_CONVERSION = YES;
				GCC_WARN_ABOUT_RETURN_TYPE = YES_ERROR;
				GCC_WARN_UNDECLARED_SELECTOR = YES;
				GCC_WARN_UNINITIALIZED_AUTOS = YES_AGGRESSIVE;
				GCC_WARN_UNUSED_FUNCTION = YES;
				GCC_WARN_UNUSED_VARIABLE = YES;
				IPHONEOS_DEPLOYMENT_TARGET = 7.0;
				MTL_ENABLE_DEBUG_INFO = YES;
				ONLY_ACTIVE_ARCH = YES;
				SDKROOT = iphoneos;
			};
			name = Debug;
		};
		5A81D0001B439A1800E82DFB /* Release */ = {
			isa = XCBuildConfiguration;
			buildSettings = {
				ALWAYS_SEARCH_USER_PATHS = NO;
				CLANG_CXX_LANGUAGE_STANDARD = "gnu++0x";
				CLANG_CXX_LIBRARY = "libc++";
				CLANG_ENABLE_MODULES = YES;
				CLANG_ENABLE_OBJC_ARC = YES;
				CLANG_WARN_BOOL_CONVERSION = YES;
				CLANG_WARN_CONSTANT_CONVERSION = YES;
				CLANG_WARN_DIRECT_OBJC_ISA_USAGE = YES_ERROR;
				CLANG_WARN_EMPTY_BODY = YES;
				CLANG_WARN_ENUM_CONVERSION = YES;
				CLANG_WARN_INT_CONVERSION = YES;
				CLANG_WARN_OBJC_ROOT_CLASS = YES_ERROR;
				CLANG_WARN_UNREACHABLE_CODE = YES;
				CLANG_WARN__DUPLICATE_METHOD_MATCH = YES;
				"CODE_SIGN_IDENTITY[sdk=iphoneos*]" = "iPhone Developer";
				COPY_PHASE_STRIP = NO;
				DEBUG_INFORMATION_FORMAT = "dwarf-with-dsym";
				ENABLE_NS_ASSERTIONS = NO;
				ENABLE_STRICT_OBJC_MSGSEND = YES;
				GCC_C_LANGUAGE_STANDARD = gnu99;
				GCC_NO_COMMON_BLOCKS = YES;
				GCC_WARN_64_TO_32_BIT_CONVERSION = YES;
				GCC_WARN_ABOUT_RETURN_TYPE = YES_ERROR;
				GCC_WARN_UNDECLARED_SELECTOR = YES;
				GCC_WARN_UNINITIALIZED_AUTOS = YES_AGGRESSIVE;
				GCC_WARN_UNUSED_FUNCTION = YES;
				GCC_WARN_UNUSED_VARIABLE = YES;
				IPHONEOS_DEPLOYMENT_TARGET = 7.0;
				MTL_ENABLE_DEBUG_INFO = NO;
				SDKROOT = iphoneos;
				VALIDATE_PRODUCT = YES;
			};
			name = Release;
		};
		5A81D0021B439A1800E82DFB /* Debug */ = {
			isa = XCBuildConfiguration;
			baseConfigurationReference = 5608B83965B1667B85317A81 /* Pods.debug.xcconfig */;
			buildSettings = {
				ASSETCATALOG_COMPILER_APPICON_NAME = AppIcon;
				INFOPLIST_FILE = TestIndicator/Info.plist;
				LD_RUNPATH_SEARCH_PATHS = "$(inherited) @executable_path/Frameworks";
				PRODUCT_NAME = "RRActivityIndicator-example";
			};
			name = Debug;
		};
		5A81D0031B439A1800E82DFB /* Release */ = {
			isa = XCBuildConfiguration;
			baseConfigurationReference = 74CDFE53AFA37478009D4E8C /* Pods.release.xcconfig */;
			buildSettings = {
				ASSETCATALOG_COMPILER_APPICON_NAME = AppIcon;
				INFOPLIST_FILE = TestIndicator/Info.plist;
				LD_RUNPATH_SEARCH_PATHS = "$(inherited) @executable_path/Frameworks";
				PRODUCT_NAME = "RRActivityIndicator-example";
			};
			name = Release;
		};
/* End XCBuildConfiguration section */

/* Begin XCConfigurationList section */
		5A81CFD91B439A1800E82DFB /* Build configuration list for PBXProject "RRActivityIndicator-example" */ = {
			isa = XCConfigurationList;
			buildConfigurations = (
				5A81CFFF1B439A1800E82DFB /* Debug */,
				5A81D0001B439A1800E82DFB /* Release */,
			);
			defaultConfigurationIsVisible = 0;
			defaultConfigurationName = Release;
		};
		5A81D0011B439A1800E82DFB /* Build configuration list for PBXNativeTarget "RRActivityIndicator-example" */ = {
			isa = XCConfigurationList;
			buildConfigurations = (
				5A81D0021B439A1800E82DFB /* Debug */,
				5A81D0031B439A1800E82DFB /* Release */,
			);
			defaultConfigurationIsVisible = 0;
			defaultConfigurationName = Release;
		};
/* End XCConfigurationList section */
	};
	rootObject = 5A81CFD61B439A1800E82DFB /* Project object */;
}
